
Microsoft Visual Studio Solution File, Format Version 12.00
# Visual Studio Version 16
VisualStudioVersion = 16.0.30413.136
MinimumVisualStudioVersion = 10.0.40219.1
Project("{9A19103F-16F7-4668-BE54-9A1E7A4F7556}") = "ContosoCrafts.Website", "ContosoCrafts.Website\ContosoCrafts.Website.csproj", "{57A73E5E-3116-4173-9834-4D0377E0A5A3}"
EndProject
Global
	GlobalSection(SolutionConfigurationPlatforms) = preSolution
		Debug|Any CPU = Debug|Any CPU
		Release|Any CPU = Release|Any CPU
	EndGlobalSection
	GlobalSection(ProjectConfigurationPlatforms) = postSolution
		{57A73E5E-3116-4173-9834-4D0377E0A5A3}.Debug|Any CPU.ActiveCfg = Debug|Any CPU
		{57A73E5E-3116-4173-9834-4D0377E0A5A3}.Debug|Any CPU.Build.0 = Debug|Any CPU
		{57A73E5E-3116-4173-9834-4D0377E0A5A3}.Release|Any CPU.ActiveCfg = Release|Any CPU
		{57A73E5E-3116-4173-9834-4D0377E0A5A3}.Release|Any CPU.Build.0 = Release|Any CPU
	EndGlobalSection
	GlobalSection(SolutionProperties) = preSolution
		HideSolutionNode = FALSE
	EndGlobalSection
	GlobalSection(ExtensibilityGlobals) = postSolution
		SolutionGuid = {5E01D7DD-3131-473C-9646-0386F0AEB87B}
	EndGlobalSection
EndGlobal
